
Microsoft Visual Studio Solution File, Format Version 12.00
# Visual Studio 2013
VisualStudioVersion = 12.0.21005.1
MinimumVisualStudioVersion = 10.0.40219.1
Project("{FAE04EC0-301F-11D3-BF4B-00C04F79EFBC}") = "Assigment1", "Assigment1\Assigment1.csproj", "{C901C625-F564-437F-AB23-D99841CA23F4}"
EndProject
Project("{FAE04EC0-301F-11D3-BF4B-00C04F79EFBC}") = "UnitTest", "UnitTest\UnitTest.csproj", "{83E7F639-CD13-4123-B0BF-7F362E45DDD8}"
EndProject
Global
	GlobalSection(SolutionConfigurationPlatforms) = preSolution
		Debug|Any CPU = Debug|Any CPU
		Release|Any CPU = Release|Any CPU
	EndGlobalSection
	GlobalSection(ProjectConfigurationPlatforms) = postSolution
		{C901C625-F564-437F-AB23-D99841CA23F4}.Debug|Any CPU.ActiveCfg = Debug|Any CPU
		{C901C625-F564-437F-AB23-D99841CA23F4}.Debug|Any CPU.Build.0 = Debug|Any CPU
		{C901C625-F564-437F-AB23-D99841CA23F4}.Release|Any CPU.ActiveCfg = Release|Any CPU
		{C901C625-F564-437F-AB23-D99841CA23F4}.Release|Any CPU.Build.0 = Release|Any CPU
		{83E7F639-CD13-4123-B0BF-7F362E45DDD8}.Debug|Any CPU.ActiveCfg = Debug|Any CPU
		{83E7F639-CD13-4123-B0BF-7F362E45DDD8}.Debug|Any CPU.Build.0 = Debug|Any CPU
		{83E7F639-CD13-4123-B0BF-7F362E45DDD8}.Release|Any CPU.ActiveCfg = Release|Any CPU
		{83E7F639-CD13-4123-B0BF-7F362E45DDD8}.Release|Any CPU.Build.0 = Release|Any CPU
	EndGlobalSection
	GlobalSection(SolutionProperties) = preSolution
		HideSolutionNode = FALSE
	EndGlobalSection
EndGlobal
